
Microsoft Visual Studio Solution File, Format Version 12.00
# Visual Studio Version 17
VisualStudioVersion = 17.8.34511.84
MinimumVisualStudioVersion = 10.0.40219.1
Project("{FAE04EC0-301F-11D3-BF4B-00C04F79EFBC}") = "Tarea 1.3", "Tarea 1.3.csproj", "{48EF8C0A-C758-4150-92EF-6D9EFFCD4CE5}"
EndProject
Global
	GlobalSection(SolutionConfigurationPlatforms) = preSolution
		Debug|Any CPU = Debug|Any CPU
		Release|Any CPU = Release|Any CPU
	EndGlobalSection
	GlobalSection(ProjectConfigurationPlatforms) = postSolution
		{48EF8C0A-C758-4150-92EF-6D9EFFCD4CE5}.Debug|Any CPU.ActiveCfg = Debug|Any CPU
		{48EF8C0A-C758-4150-92EF-6D9EFFCD4CE5}.Debug|Any CPU.Build.0 = Debug|Any CPU
		{48EF8C0A-C758-4150-92EF-6D9EFFCD4CE5}.Debug|Any CPU.Deploy.0 = Debug|Any CPU
		{48EF8C0A-C758-4150-92EF-6D9EFFCD4CE5}.Release|Any CPU.ActiveCfg = Release|Any CPU
		{48EF8C0A-C758-4150-92EF-6D9EFFCD4CE5}.Release|Any CPU.Build.0 = Release|Any CPU
		{48EF8C0A-C758-4150-92EF-6D9EFFCD4CE5}.Release|Any CPU.Deploy.0 = Release|Any CPU
	EndGlobalSection
	GlobalSection(SolutionProperties) = preSolution
		HideSolutionNode = FALSE
	EndGlobalSection
	GlobalSection(ExtensibilityGlobals) = postSolution
		SolutionGuid = {C38C54B7-867A-4BE8-895A-69741B55AADD}
	EndGlobalSection
EndGlobal
